
Microsoft Visual Studio Solution File, Format Version 12.00
# Visual Studio Version 17
VisualStudioVersion = 17.8.34322.80
MinimumVisualStudioVersion = 10.0.40219.1
Project("{FAE04EC0-301F-11D3-BF4B-00C04F79EFBC}") = "userinfo&manage", "userinfo&manage\userinfo&manage.csproj", "{C9816D13-7577-4F3E-B322-E1E5F44DCA9A}"
EndProject
Global
	GlobalSection(SolutionConfigurationPlatforms) = preSolution
		Debug|Any CPU = Debug|Any CPU
		Release|Any CPU = Release|Any CPU
	EndGlobalSection
	GlobalSection(ProjectConfigurationPlatforms) = postSolution
		{C9816D13-7577-4F3E-B322-E1E5F44DCA9A}.Debug|Any CPU.ActiveCfg = Debug|Any CPU
		{C9816D13-7577-4F3E-B322-E1E5F44DCA9A}.Debug|Any CPU.Build.0 = Debug|Any CPU
		{C9816D13-7577-4F3E-B322-E1E5F44DCA9A}.Release|Any CPU.ActiveCfg = Release|Any CPU
		{C9816D13-7577-4F3E-B322-E1E5F44DCA9A}.Release|Any CPU.Build.0 = Release|Any CPU
	EndGlobalSection
	GlobalSection(SolutionProperties) = preSolution
		HideSolutionNode = FALSE
	EndGlobalSection
	GlobalSection(ExtensibilityGlobals) = postSolution
		SolutionGuid = {F0D03625-9103-47C7-B094-250EEB61CCA2}
	EndGlobalSection
EndGlobal
